
Microsoft Visual Studio Solution File, Format Version 12.00
# Visual Studio Version 17
VisualStudioVersion = 17.13.35828.75 d17.13
MinimumVisualStudioVersion = 10.0.40219.1
Project("{FAE04EC0-301F-11D3-BF4B-00C04F79EFBC}") = "InventarioAPP", "InventarioAPP\InventarioAPP.csproj", "{EF6293A1-420C-4FBD-8F01-B8BD8A1B6F24}"
EndProject
Global
	GlobalSection(SolutionConfigurationPlatforms) = preSolution
		Debug|Any CPU = Debug|Any CPU
		Release|Any CPU = Release|Any CPU
	EndGlobalSection
	GlobalSection(ProjectConfigurationPlatforms) = postSolution
		{EF6293A1-420C-4FBD-8F01-B8BD8A1B6F24}.Debug|Any CPU.ActiveCfg = Debug|Any CPU
		{EF6293A1-420C-4FBD-8F01-B8BD8A1B6F24}.Debug|Any CPU.Build.0 = Debug|Any CPU
		{EF6293A1-420C-4FBD-8F01-B8BD8A1B6F24}.Release|Any CPU.ActiveCfg = Release|Any CPU
		{EF6293A1-420C-4FBD-8F01-B8BD8A1B6F24}.Release|Any CPU.Build.0 = Release|Any CPU
	EndGlobalSection
	GlobalSection(SolutionProperties) = preSolution
		HideSolutionNode = FALSE
	EndGlobalSection
	GlobalSection(ExtensibilityGlobals) = postSolution
		SolutionGuid = {5AD1604C-0FBD-47E4-A33C-17864E9D2403}
	EndGlobalSection
EndGlobal
